
Microsoft Visual Studio Solution File, Format Version 12.00
# Visual Studio Version 17
VisualStudioVersion = 17.4.33110.190
MinimumVisualStudioVersion = 10.0.40219.1
Project("{9A19103F-16F7-4668-BE54-9A1E7A4F7556}") = "AdventOfCode2022", "AdventOfCode2022.csproj", "{912AD487-31B8-4233-8E41-2035427C456B}"
EndProject
Project("{FAE04EC0-301F-11D3-BF4B-00C04F79EFBC}") = "AdventOfCode2021", "..\AdventOfCode2021\AdventOfCode2021.csproj", "{0CE5521D-7FD4-4808-9CFD-D4DE9A09F282}"
EndProject
Global
	GlobalSection(SolutionConfigurationPlatforms) = preSolution
		Debug|Any CPU = Debug|Any CPU
		Release|Any CPU = Release|Any CPU
	EndGlobalSection
	GlobalSection(ProjectConfigurationPlatforms) = postSolution
		{912AD487-31B8-4233-8E41-2035427C456B}.Debug|Any CPU.ActiveCfg = Debug|Any CPU
		{912AD487-31B8-4233-8E41-2035427C456B}.Debug|Any CPU.Build.0 = Debug|Any CPU
		{912AD487-31B8-4233-8E41-2035427C456B}.Release|Any CPU.ActiveCfg = Release|Any CPU
		{912AD487-31B8-4233-8E41-2035427C456B}.Release|Any CPU.Build.0 = Release|Any CPU
		{0CE5521D-7FD4-4808-9CFD-D4DE9A09F282}.Debug|Any CPU.ActiveCfg = Debug|Any CPU
		{0CE5521D-7FD4-4808-9CFD-D4DE9A09F282}.Debug|Any CPU.Build.0 = Debug|Any CPU
		{0CE5521D-7FD4-4808-9CFD-D4DE9A09F282}.Release|Any CPU.ActiveCfg = Release|Any CPU
		{0CE5521D-7FD4-4808-9CFD-D4DE9A09F282}.Release|Any CPU.Build.0 = Release|Any CPU
	EndGlobalSection
	GlobalSection(SolutionProperties) = preSolution
		HideSolutionNode = FALSE
	EndGlobalSection
	GlobalSection(ExtensibilityGlobals) = postSolution
		SolutionGuid = {A665060A-4DE3-45DE-9F99-6C95C8763B98}
	EndGlobalSection
EndGlobal
